
Microsoft Visual Studio Solution File, Format Version 12.00
# Visual Studio Version 16
VisualStudioVersion = 16.0.30114.105
MinimumVisualStudioVersion = 10.0.40219.1
Project("{FAE04EC0-301F-11D3-BF4B-00C04F79EFBC}") = "FileService", "FileService\FileService.csproj", "{45FBE0F5-FC48-4D11-8ACB-045C2E5D2FB3}"
EndProject
Project("{FAE04EC0-301F-11D3-BF4B-00C04F79EFBC}") = "FileServiceRepsitory", "FileServiceRepsitory\FileServiceRepsitory.csproj", "{6F08C7D0-6BFE-4A9C-899C-0D5D18D18B51}"
EndProject
Project("{FAE04EC0-301F-11D3-BF4B-00C04F79EFBC}") = "DataModel", "DataModel\DataModel.csproj", "{3E5E1453-632F-482E-875E-0852B2745DBB}"
EndProject
Global
	GlobalSection(SolutionConfigurationPlatforms) = preSolution
		Debug|Any CPU = Debug|Any CPU
		Release|Any CPU = Release|Any CPU
	EndGlobalSection
	GlobalSection(SolutionProperties) = preSolution
		HideSolutionNode = FALSE
	EndGlobalSection
	GlobalSection(ProjectConfigurationPlatforms) = postSolution
		{45FBE0F5-FC48-4D11-8ACB-045C2E5D2FB3}.Debug|Any CPU.ActiveCfg = Debug|Any CPU
		{45FBE0F5-FC48-4D11-8ACB-045C2E5D2FB3}.Debug|Any CPU.Build.0 = Debug|Any CPU
		{45FBE0F5-FC48-4D11-8ACB-045C2E5D2FB3}.Release|Any CPU.ActiveCfg = Release|Any CPU
		{45FBE0F5-FC48-4D11-8ACB-045C2E5D2FB3}.Release|Any CPU.Build.0 = Release|Any CPU
		{6F08C7D0-6BFE-4A9C-899C-0D5D18D18B51}.Debug|Any CPU.ActiveCfg = Debug|Any CPU
		{6F08C7D0-6BFE-4A9C-899C-0D5D18D18B51}.Debug|Any CPU.Build.0 = Debug|Any CPU
		{6F08C7D0-6BFE-4A9C-899C-0D5D18D18B51}.Release|Any CPU.ActiveCfg = Release|Any CPU
		{6F08C7D0-6BFE-4A9C-899C-0D5D18D18B51}.Release|Any CPU.Build.0 = Release|Any CPU
		{3E5E1453-632F-482E-875E-0852B2745DBB}.Debug|Any CPU.ActiveCfg = Debug|Any CPU
		{3E5E1453-632F-482E-875E-0852B2745DBB}.Debug|Any CPU.Build.0 = Debug|Any CPU
		{3E5E1453-632F-482E-875E-0852B2745DBB}.Release|Any CPU.ActiveCfg = Release|Any CPU
		{3E5E1453-632F-482E-875E-0852B2745DBB}.Release|Any CPU.Build.0 = Release|Any CPU
		{CE7F4A3B-36D1-4B0B-BAAB-C540299D8192}.Debug|Any CPU.ActiveCfg = Debug|Any CPU
		{CE7F4A3B-36D1-4B0B-BAAB-C540299D8192}.Debug|Any CPU.Build.0 = Debug|Any CPU
		{CE7F4A3B-36D1-4B0B-BAAB-C540299D8192}.Release|Any CPU.ActiveCfg = Release|Any CPU
		{CE7F4A3B-36D1-4B0B-BAAB-C540299D8192}.Release|Any CPU.Build.0 = Release|Any CPU
	EndGlobalSection
EndGlobal
